
Microsoft Visual Studio Solution File, Format Version 12.00
# Visual Studio 14
VisualStudioVersion = 14.0.25420.1
MinimumVisualStudioVersion = 10.0.40219.1
Project("{FAE04EC0-301F-11D3-BF4B-00C04F79EFBC}") = "RJCP.Text", "code\RJCP.Text.csproj", "{F9D056A3-DB23-4E4B-9D3C-E08151472923}"
EndProject
Project("{FAE04EC0-301F-11D3-BF4B-00C04F79EFBC}") = "RJCP.TextTest", "test\RJCP.TextTest.csproj", "{EB153A07-A8CB-4343-B235-984F4E23C23E}"
EndProject
Project("{2150E333-8FDC-42A3-9474-1A3956D46DE8}") = "Framework", "Framework", "{6905F206-36E8-4784-BED7-F44B5EE6EE68}"
EndProject
Project("{FAE04EC0-301F-11D3-BF4B-00C04F79EFBC}") = "RJCP.NUnitExtensions", "..\nunitextensions\NUnitExtensions\RJCP.NUnitExtensions.csproj", "{A3397842-BCC1-4DA7-95FA-437C511B7912}"
EndProject
Global
	GlobalSection(SolutionConfigurationPlatforms) = preSolution
		Debug|Any CPU = Debug|Any CPU
		Release|Any CPU = Release|Any CPU
	EndGlobalSection
	GlobalSection(ProjectConfigurationPlatforms) = postSolution
		{F9D056A3-DB23-4E4B-9D3C-E08151472923}.Debug|Any CPU.ActiveCfg = Debug|Any CPU
		{F9D056A3-DB23-4E4B-9D3C-E08151472923}.Debug|Any CPU.Build.0 = Debug|Any CPU
		{F9D056A3-DB23-4E4B-9D3C-E08151472923}.Release|Any CPU.ActiveCfg = Release|Any CPU
		{F9D056A3-DB23-4E4B-9D3C-E08151472923}.Release|Any CPU.Build.0 = Release|Any CPU
		{EB153A07-A8CB-4343-B235-984F4E23C23E}.Debug|Any CPU.ActiveCfg = Debug|Any CPU
		{EB153A07-A8CB-4343-B235-984F4E23C23E}.Debug|Any CPU.Build.0 = Debug|Any CPU
		{EB153A07-A8CB-4343-B235-984F4E23C23E}.Release|Any CPU.ActiveCfg = Release|Any CPU
		{EB153A07-A8CB-4343-B235-984F4E23C23E}.Release|Any CPU.Build.0 = Release|Any CPU
		{A3397842-BCC1-4DA7-95FA-437C511B7912}.Debug|Any CPU.ActiveCfg = Debug|Any CPU
		{A3397842-BCC1-4DA7-95FA-437C511B7912}.Debug|Any CPU.Build.0 = Debug|Any CPU
		{A3397842-BCC1-4DA7-95FA-437C511B7912}.Release|Any CPU.ActiveCfg = Release|Any CPU
		{A3397842-BCC1-4DA7-95FA-437C511B7912}.Release|Any CPU.Build.0 = Release|Any CPU
	EndGlobalSection
	GlobalSection(SolutionProperties) = preSolution
		HideSolutionNode = FALSE
	EndGlobalSection
	GlobalSection(NestedProjects) = preSolution
		{A3397842-BCC1-4DA7-95FA-437C511B7912} = {6905F206-36E8-4784-BED7-F44B5EE6EE68}
	EndGlobalSection
EndGlobal
